
Microsoft Visual Studio Solution File, Format Version 12.00
# Visual Studio Version 17
VisualStudioVersion = 17.5.002.0
MinimumVisualStudioVersion = 10.0.40219.1
Project("{2150E333-8FDC-42A3-9474-1A3956D46DE8}") = "sdk", "sdk", "{82DE4218-3243-4520-AA77-E0AEF59FB97D}"
EndProject
Project("{9A19103F-16F7-4668-BE54-9A1E7A4F7556}") = "Pulumi.Azure", "sdk\dotnet\Pulumi.Azure.csproj", "{9E11E3AB-50A3-4653-838E-DDD9D26CD50D}"
EndProject
Project("{2150E333-8FDC-42A3-9474-1A3956D46DE8}") = "examples", "examples", "{52007233-9960-48DA-A618-7FDDBA7CA20F}"
EndProject
Project("{9A19103F-16F7-4668-BE54-9A1E7A4F7556}") = "Azure.AppService", "examples\appservice-cs\Azure.AppService.csproj", "{4C4057ED-8EB6-45AF-8D23-13C1E1604A6B}"
EndProject
Project("{2150E333-8FDC-42A3-9474-1A3956D46DE8}") = "nodejs", "nodejs", "{8723C906-30BE-485B-901D-D1F5587CD751}"
EndProject
Project("{2150E333-8FDC-42A3-9474-1A3956D46DE8}") = "node_modules", "node_modules", "{AFF234E7-205D-4991-A0BF-E2804B7E42E0}"
EndProject
Project("{2150E333-8FDC-42A3-9474-1A3956D46DE8}") = "@pulumi", "@pulumi", "{88B026E7-F325-4797-8C9D-B407D248FC58}"
EndProject
Project("{2150E333-8FDC-42A3-9474-1A3956D46DE8}") = "pulumi", "pulumi", "{B6DFFA11-D811-4238-904F-15713FF40AA0}"
EndProject
Project("{2150E333-8FDC-42A3-9474-1A3956D46DE8}") = "tests", "tests", "{D82FCFD5-CF10-4538-A109-0430CBDC5F17}"
EndProject
Project("{2150E333-8FDC-42A3-9474-1A3956D46DE8}") = "automation", "automation", "{508B386B-CC69-451B-BE81-A380849364DB}"
EndProject
Project("{2150E333-8FDC-42A3-9474-1A3956D46DE8}") = "data", "data", "{D62FA6BE-F140-4966-926C-16073934BC3E}"
EndProject
Project("{9A19103F-16F7-4668-BE54-9A1E7A4F7556}") = "TestProj", "sdk\nodejs\node_modules\@pulumi\pulumi\tests\automation\data\testproj_dotnet\TestProj.csproj", "{D87DA106-3334-44C0-A7BE-1698D344F9FE}"
EndProject
Global
	GlobalSection(SolutionConfigurationPlatforms) = preSolution
		Debug|Any CPU = Debug|Any CPU
		Release|Any CPU = Release|Any CPU
	EndGlobalSection
	GlobalSection(ProjectConfigurationPlatforms) = postSolution
		{9E11E3AB-50A3-4653-838E-DDD9D26CD50D}.Debug|Any CPU.ActiveCfg = Debug|Any CPU
		{9E11E3AB-50A3-4653-838E-DDD9D26CD50D}.Debug|Any CPU.Build.0 = Debug|Any CPU
		{9E11E3AB-50A3-4653-838E-DDD9D26CD50D}.Release|Any CPU.ActiveCfg = Release|Any CPU
		{9E11E3AB-50A3-4653-838E-DDD9D26CD50D}.Release|Any CPU.Build.0 = Release|Any CPU
		{4C4057ED-8EB6-45AF-8D23-13C1E1604A6B}.Debug|Any CPU.ActiveCfg = Debug|Any CPU
		{4C4057ED-8EB6-45AF-8D23-13C1E1604A6B}.Debug|Any CPU.Build.0 = Debug|Any CPU
		{4C4057ED-8EB6-45AF-8D23-13C1E1604A6B}.Release|Any CPU.ActiveCfg = Release|Any CPU
		{4C4057ED-8EB6-45AF-8D23-13C1E1604A6B}.Release|Any CPU.Build.0 = Release|Any CPU
		{D87DA106-3334-44C0-A7BE-1698D344F9FE}.Debug|Any CPU.ActiveCfg = Debug|Any CPU
		{D87DA106-3334-44C0-A7BE-1698D344F9FE}.Debug|Any CPU.Build.0 = Debug|Any CPU
		{D87DA106-3334-44C0-A7BE-1698D344F9FE}.Release|Any CPU.ActiveCfg = Release|Any CPU
		{D87DA106-3334-44C0-A7BE-1698D344F9FE}.Release|Any CPU.Build.0 = Release|Any CPU
	EndGlobalSection
	GlobalSection(SolutionProperties) = preSolution
		HideSolutionNode = FALSE
	EndGlobalSection
	GlobalSection(NestedProjects) = preSolution
		{9E11E3AB-50A3-4653-838E-DDD9D26CD50D} = {82DE4218-3243-4520-AA77-E0AEF59FB97D}
		{4C4057ED-8EB6-45AF-8D23-13C1E1604A6B} = {52007233-9960-48DA-A618-7FDDBA7CA20F}
		{8723C906-30BE-485B-901D-D1F5587CD751} = {82DE4218-3243-4520-AA77-E0AEF59FB97D}
		{AFF234E7-205D-4991-A0BF-E2804B7E42E0} = {8723C906-30BE-485B-901D-D1F5587CD751}
		{88B026E7-F325-4797-8C9D-B407D248FC58} = {AFF234E7-205D-4991-A0BF-E2804B7E42E0}
		{B6DFFA11-D811-4238-904F-15713FF40AA0} = {88B026E7-F325-4797-8C9D-B407D248FC58}
		{D82FCFD5-CF10-4538-A109-0430CBDC5F17} = {B6DFFA11-D811-4238-904F-15713FF40AA0}
		{508B386B-CC69-451B-BE81-A380849364DB} = {D82FCFD5-CF10-4538-A109-0430CBDC5F17}
		{D62FA6BE-F140-4966-926C-16073934BC3E} = {508B386B-CC69-451B-BE81-A380849364DB}
		{D87DA106-3334-44C0-A7BE-1698D344F9FE} = {D62FA6BE-F140-4966-926C-16073934BC3E}
	EndGlobalSection
	GlobalSection(ExtensibilityGlobals) = postSolution
		SolutionGuid = {B52A5F16-5AAA-4FE1-93E2-DEDBB6EAB27A}
	EndGlobalSection
EndGlobal
